
Microsoft Visual Studio Solution File, Format Version 12.00
# Visual Studio Version 17
VisualStudioVersion = 17.5.002.0
MinimumVisualStudioVersion = 10.0.40219.1
Project("{9A19103F-16F7-4668-BE54-9A1E7A4F7556}") = "MQTTConsole", "MQTTConsole.csproj", "{156A22DC-C208-411B-9C44-8ECFB52043C9}"
EndProject
Global
	GlobalSection(SolutionConfigurationPlatforms) = preSolution
		Debug|Any CPU = Debug|Any CPU
		Release|Any CPU = Release|Any CPU
	EndGlobalSection
	GlobalSection(ProjectConfigurationPlatforms) = postSolution
		{156A22DC-C208-411B-9C44-8ECFB52043C9}.Debug|Any CPU.ActiveCfg = Debug|Any CPU
		{156A22DC-C208-411B-9C44-8ECFB52043C9}.Debug|Any CPU.Build.0 = Debug|Any CPU
		{156A22DC-C208-411B-9C44-8ECFB52043C9}.Release|Any CPU.ActiveCfg = Release|Any CPU
		{156A22DC-C208-411B-9C44-8ECFB52043C9}.Release|Any CPU.Build.0 = Release|Any CPU
	EndGlobalSection
	GlobalSection(SolutionProperties) = preSolution
		HideSolutionNode = FALSE
	EndGlobalSection
	GlobalSection(ExtensibilityGlobals) = postSolution
		SolutionGuid = {584C6B8C-F345-49D0-AFE0-C45FAB0F3BB0}
	EndGlobalSection
EndGlobal
